// !$*UTF8*$!
{
	archiveVersion = 1;
	classes = {
	};
	objectVersion = 51;
	objects = {

/* Begin PBXBuildFile section */
		3BAB40C124F82B44000CAD57 /* UIViewController.swift in Sources */ = {isa = PBXBuildFile; fileRef = 3BAB40C024F82B44000CAD57 /* UIViewController.swift */; };
		8C01762224940DAF006680AB /* EmptyState.swift in Sources */ = {isa = PBXBuildFile; fileRef = 8C01762124940DAF006680AB /* EmptyState.swift */; };
		8C39A79C2479205D005F6DD7 /* CollectionViewExtension.swift in Sources */ = {isa = PBXBuildFile; fileRef = 8C39A79B2479205D005F6DD7 /* CollectionViewExtension.swift */; };
		8C45DEDB247AA25D00988D4A /* NoteProtocols.swift in Sources */ = {isa = PBXBuildFile; fileRef = 8C45DEDA247AA25D00988D4A /* NoteProtocols.swift */; };
		8C5DC4C92477EEB100236E94 /* Category+CoreDataClass.swift in Sources */ = {isa = PBXBuildFile; fileRef = 8C5DC4C52477EEB100236E94 /* Category+CoreDataClass.swift */; };
		8C5DC4CA2477EEB100236E94 /* Category+CoreDataProperties.swift in Sources */ = {isa = PBXBuildFile; fileRef = 8C5DC4C62477EEB100236E94 /* Category+CoreDataProperties.swift */; };
		8C5DC4CB2477EEB100236E94 /* Note+CoreDataClass.swift in Sources */ = {isa = PBXBuildFile; fileRef = 8C5DC4C72477EEB100236E94 /* Note+CoreDataClass.swift */; };
		8C5DC4CC2477EEB100236E94 /* Note+CoreDataProperties.swift in Sources */ = {isa = PBXBuildFile; fileRef = 8C5DC4C82477EEB100236E94 /* Note+CoreDataProperties.swift */; };
		8C6C1499247DA8CC0006FEC7 /* NoteTextView.swift in Sources */ = {isa = PBXBuildFile; fileRef = 8C6C1498247DA8CC0006FEC7 /* NoteTextView.swift */; };
		8C6D21A224E1F92E00360E44 /* AddCategoryViewController.swift in Sources */ = {isa = PBXBuildFile; fileRef = 8C6D21A124E1F92E00360E44 /* AddCategoryViewController.swift */; };
		8C763AF024840BB800E336EF /* UIColorExtension.swift in Sources */ = {isa = PBXBuildFile; fileRef = 8C763AEF24840BB800E336EF /* UIColorExtension.swift */; };
		8C769E5824790E0C004AC842 /* NoteViewCell.swift in Sources */ = {isa = PBXBuildFile; fileRef = 8C769E5724790E0C004AC842 /* NoteViewCell.swift */; };
		8CA2F1AF24D563D300E39294 /* CategoryViewCell.swift in Sources */ = {isa = PBXBuildFile; fileRef = 8CA2F1AE24D563D300E39294 /* CategoryViewCell.swift */; };
		8CE303C42477BD630063B29D /* AppDelegate.swift in Sources */ = {isa = PBXBuildFile; fileRef = 8CE303C32477BD630063B29D /* AppDelegate.swift */; };
		8CE303C62477BD630063B29D /* SceneDelegate.swift in Sources */ = {isa = PBXBuildFile; fileRef = 8CE303C52477BD630063B29D /* SceneDelegate.swift */; };
		8CE303C82477BD630063B29D /* ViewController.swift in Sources */ = {isa = PBXBuildFile; fileRef = 8CE303C72477BD630063B29D /* ViewController.swift */; };
		8CE303CE2477BD630063B29D /* Notiee.xcdatamodeld in Sources */ = {isa = PBXBuildFile; fileRef = 8CE303CC2477BD630063B29D /* Notiee.xcdatamodeld */; };
		8CE303D02477BD680063B29D /* Assets.xcassets in Resources */ = {isa = PBXBuildFile; fileRef = 8CE303CF2477BD680063B29D /* Assets.xcassets */; };
		8CE303D32477BD680063B29D /* LaunchScreen.storyboard in Resources */ = {isa = PBXBuildFile; fileRef = 8CE303D12477BD680063B29D /* LaunchScreen.storyboard */; };
		8CE5C25A2477FC5B00834129 /* CategoryIndicator.swift in Sources */ = {isa = PBXBuildFile; fileRef = 8CE5C2592477FC5B00834129 /* CategoryIndicator.swift */; };
		8CE5C25D247871F200834129 /* CoreDataStore.swift in Sources */ = {isa = PBXBuildFile; fileRef = 8CE5C25C247871F200834129 /* CoreDataStore.swift */; };
		8CEF98DC2481A6D000603B1F /* ArrayExtension.swift in Sources */ = {isa = PBXBuildFile; fileRef = 8CEF98DB2481A6D000603B1F /* ArrayExtension.swift */; };
		8CF43CB024AE4987007135DA /* MapViewController.swift in Sources */ = {isa = PBXBuildFile; fileRef = 8CF43CAF24AE4987007135DA /* MapViewController.swift */; };
		8CF5094224A80C6300B0DF71 /* CategoryProtocols.swift in Sources */ = {isa = PBXBuildFile; fileRef = 8CF5094124A80C6300B0DF71 /* CategoryProtocols.swift */; };
		8CFE104424DB375200CF798B /* AddCategoryViewCell.swift in Sources */ = {isa = PBXBuildFile; fileRef = 8CFE104324DB375200CF798B /* AddCategoryViewCell.swift */; };
		9CE331E9E48D06E396246FD9 /* Pods_Notiee.framework in Frameworks */ = {isa = PBXBuildFile; fileRef = C337B46BA2212AC16DD1B096 /* Pods_Notiee.framework */; };
/* End PBXBuildFile section */

/* Begin PBXFileReference section */
		335EC8A88B4C813645EDEF49 /* Pods-Notiee.release.xcconfig */ = {isa = PBXFileReference; includeInIndex = 1; lastKnownFileType = text.xcconfig; name = "Pods-Notiee.release.xcconfig"; path = "Target Support Files/Pods-Notiee/Pods-Notiee.release.xcconfig"; sourceTree = "<group>"; };
		3BAB40C024F82B44000CAD57 /* UIViewController.swift */ = {isa = PBXFileReference; lastKnownFileType = sourcecode.swift; path = UIViewController.swift; sourceTree = "<group>"; };
		8C01762124940DAF006680AB /* EmptyState.swift */ = {isa = PBXFileReference; lastKnownFileType = sourcecode.swift; path = EmptyState.swift; sourceTree = "<group>"; };
		8C39A79B2479205D005F6DD7 /* CollectionViewExtension.swift */ = {isa = PBXFileReference; lastKnownFileType = sourcecode.swift; path = CollectionViewExtension.swift; sourceTree = "<group>"; };
		8C45DEDA247AA25D00988D4A /* NoteProtocols.swift */ = {isa = PBXFileReference; lastKnownFileType = sourcecode.swift; path = NoteProtocols.swift; sourceTree = "<group>"; };
		8C5DC4C52477EEB100236E94 /* Category+CoreDataClass.swift */ = {isa = PBXFileReference; lastKnownFileType = sourcecode.swift; path = "Category+CoreDataClass.swift"; sourceTree = "<group>"; };
		8C5DC4C62477EEB100236E94 /* Category+CoreDataProperties.swift */ = {isa = PBXFileReference; lastKnownFileType = sourcecode.swift; path = "Category+CoreDataProperties.swift"; sourceTree = "<group>"; };
		8C5DC4C72477EEB100236E94 /* Note+CoreDataClass.swift */ = {isa = PBXFileReference; lastKnownFileType = sourcecode.swift; path = "Note+CoreDataClass.swift"; sourceTree = "<group>"; };
		8C5DC4C82477EEB100236E94 /* Note+CoreDataProperties.swift */ = {isa = PBXFileReference; lastKnownFileType = sourcecode.swift; path = "Note+CoreDataProperties.swift"; sourceTree = "<group>"; };
		8C6C1498247DA8CC0006FEC7 /* NoteTextView.swift */ = {isa = PBXFileReference; lastKnownFileType = sourcecode.swift; path = NoteTextView.swift; sourceTree = "<group>"; };
		8C6D21A124E1F92E00360E44 /* AddCategoryViewController.swift */ = {isa = PBXFileReference; lastKnownFileType = sourcecode.swift; name = AddCategoryViewController.swift; path = Notiee/Controller/AddCategoryViewController.swift; sourceTree = SOURCE_ROOT; };
		8C763AEF24840BB800E336EF /* UIColorExtension.swift */ = {isa = PBXFileReference; lastKnownFileType = sourcecode.swift; path = UIColorExtension.swift; sourceTree = "<group>"; };
		8C769E5724790E0C004AC842 /* NoteViewCell.swift */ = {isa = PBXFileReference; lastKnownFileType = sourcecode.swift; path = NoteViewCell.swift; sourceTree = "<group>"; };
		8CA2F1AE24D563D300E39294 /* CategoryViewCell.swift */ = {isa = PBXFileReference; lastKnownFileType = sourcecode.swift; path = CategoryViewCell.swift; sourceTree = "<group>"; };
		8CE303C02477BD630063B29D /* Notiee.app */ = {isa = PBXFileReference; explicitFileType = wrapper.application; includeInIndex = 0; path = Notiee.app; sourceTree = BUILT_PRODUCTS_DIR; };
		8CE303C32477BD630063B29D /* AppDelegate.swift */ = {isa = PBXFileReference; lastKnownFileType = sourcecode.swift; path = AppDelegate.swift; sourceTree = "<group>"; };
		8CE303C52477BD630063B29D /* SceneDelegate.swift */ = {isa = PBXFileReference; lastKnownFileType = sourcecode.swift; path = SceneDelegate.swift; sourceTree = "<group>"; };
		8CE303C72477BD630063B29D /* ViewController.swift */ = {isa = PBXFileReference; lastKnownFileType = sourcecode.swift; path = ViewController.swift; sourceTree = "<group>"; };
		8CE303CD2477BD630063B29D /* Notiee.xcdatamodel */ = {isa = PBXFileReference; lastKnownFileType = wrapper.xcdatamodel; path = Notiee.xcdatamodel; sourceTree = "<group>"; };
		8CE303CF2477BD680063B29D /* Assets.xcassets */ = {isa = PBXFileReference; lastKnownFileType = folder.assetcatalog; path = Assets.xcassets; sourceTree = "<group>"; };
		8CE303D22477BD680063B29D /* Base */ = {isa = PBXFileReference; lastKnownFileType = file.storyboard; name = Base; path = Base.lproj/LaunchScreen.storyboard; sourceTree = "<group>"; };
		8CE303D42477BD680063B29D /* Info.plist */ = {isa = PBXFileReference; lastKnownFileType = text.plist.xml; path = Info.plist; sourceTree = "<group>"; };
		8CE5C2592477FC5B00834129 /* CategoryIndicator.swift */ = {isa = PBXFileReference; lastKnownFileType = sourcecode.swift; path = CategoryIndicator.swift; sourceTree = "<group>"; };
		8CE5C25C247871F200834129 /* CoreDataStore.swift */ = {isa = PBXFileReference; lastKnownFileType = sourcecode.swift; path = CoreDataStore.swift; sourceTree = "<group>"; };
		8CEF98DB2481A6D000603B1F /* ArrayExtension.swift */ = {isa = PBXFileReference; lastKnownFileType = sourcecode.swift; path = ArrayExtension.swift; sourceTree = "<group>"; };
		8CF43CAF24AE4987007135DA /* MapViewController.swift */ = {isa = PBXFileReference; lastKnownFileType = sourcecode.swift; path = MapViewController.swift; sourceTree = "<group>"; };
		8CF5094124A80C6300B0DF71 /* CategoryProtocols.swift */ = {isa = PBXFileReference; lastKnownFileType = sourcecode.swift; path = CategoryProtocols.swift; sourceTree = "<group>"; };
		8CFE104324DB375200CF798B /* AddCategoryViewCell.swift */ = {isa = PBXFileReference; lastKnownFileType = sourcecode.swift; path = AddCategoryViewCell.swift; sourceTree = "<group>"; };
		C337B46BA2212AC16DD1B096 /* Pods_Notiee.framework */ = {isa = PBXFileReference; explicitFileType = wrapper.framework; includeInIndex = 0; path = Pods_Notiee.framework; sourceTree = BUILT_PRODUCTS_DIR; };
		D77259428276D152B580EF24 /* Pods-Notiee.debug.xcconfig */ = {isa = PBXFileReference; includeInIndex = 1; lastKnownFileType = text.xcconfig; name = "Pods-Notiee.debug.xcconfig"; path = "Target Support Files/Pods-Notiee/Pods-Notiee.debug.xcconfig"; sourceTree = "<group>"; };
/* End PBXFileReference section */

/* Begin PBXFrameworksBuildPhase section */
		8CE303BD2477BD630063B29D /* Frameworks */ = {
			isa = PBXFrameworksBuildPhase;
			buildActionMask = 2147483647;
			files = (
				9CE331E9E48D06E396246FD9 /* Pods_Notiee.framework in Frameworks */,
			);
			runOnlyForDeploymentPostprocessing = 0;
		};
/* End PBXFrameworksBuildPhase section */

/* Begin PBXGroup section */
		803022ABF4C3E1D0F5A662A7 /* Frameworks */ = {
			isa = PBXGroup;
			children = (
				C337B46BA2212AC16DD1B096 /* Pods_Notiee.framework */,
			);
			name = Frameworks;
			sourceTree = "<group>";
		};
		80E0D8E6532A464DAA0331C4 /* Pods */ = {
			isa = PBXGroup;
			children = (
				D77259428276D152B580EF24 /* Pods-Notiee.debug.xcconfig */,
				335EC8A88B4C813645EDEF49 /* Pods-Notiee.release.xcconfig */,
			);
			path = Pods;
			sourceTree = "<group>";
		};
		8C39A79A2479204B005F6DD7 /* Extension */ = {
			isa = PBXGroup;
			children = (
				8C39A79B2479205D005F6DD7 /* CollectionViewExtension.swift */,
				8CEF98DB2481A6D000603B1F /* ArrayExtension.swift */,
				8C763AEF24840BB800E336EF /* UIColorExtension.swift */,
				3BAB40C024F82B44000CAD57 /* UIViewController.swift */,
			);
			path = Extension;
			sourceTree = "<group>";
		};
		8C45DED9247AA24C00988D4A /* Protocol */ = {
			isa = PBXGroup;
			children = (
				8C45DEDA247AA25D00988D4A /* NoteProtocols.swift */,
				8CF5094124A80C6300B0DF71 /* CategoryProtocols.swift */,
			);
			path = Protocol;
			sourceTree = "<group>";
		};
		8C5DC4CD2477EEED00236E94 /* Model */ = {
			isa = PBXGroup;
			children = (
				8C5DC4C52477EEB100236E94 /* Category+CoreDataClass.swift */,
				8C5DC4C62477EEB100236E94 /* Category+CoreDataProperties.swift */,
				8C5DC4C72477EEB100236E94 /* Note+CoreDataClass.swift */,
				8C5DC4C82477EEB100236E94 /* Note+CoreDataProperties.swift */,
			);
			path = Model;
			sourceTree = "<group>";
		};
		8C75578324A53E3B001F96C2 /* Cells */ = {
			isa = PBXGroup;
			children = (
				8C769E5724790E0C004AC842 /* NoteViewCell.swift */,
				8CA2F1AE24D563D300E39294 /* CategoryViewCell.swift */,
				8CFE104324DB375200CF798B /* AddCategoryViewCell.swift */,
			);
			path = Cells;
			sourceTree = "<group>";
		};
		8C7BF48A2477E2F700088387 /* Controller */ = {
			isa = PBXGroup;
			children = (
				8C6D21A124E1F92E00360E44 /* AddCategoryViewController.swift */,
				8CE303C72477BD630063B29D /* ViewController.swift */,
				8CF43CAF24AE4987007135DA /* MapViewController.swift */,
			);
			path = Controller;
			sourceTree = "<group>";
		};
		8C7D978E24A2AFC4008E3073 /* App Infrastructure */ = {
			isa = PBXGroup;
			children = (
				8CE303C32477BD630063B29D /* AppDelegate.swift */,
				8CE303C52477BD630063B29D /* SceneDelegate.swift */,
			);
			path = "App Infrastructure";
			sourceTree = "<group>";
		};
		8CE303B72477BD630063B29D = {
			isa = PBXGroup;
			children = (
				8CE303C22477BD630063B29D /* Notiee */,
				8CE303C12477BD630063B29D /* Products */,
				80E0D8E6532A464DAA0331C4 /* Pods */,
				803022ABF4C3E1D0F5A662A7 /* Frameworks */,
			);
			sourceTree = "<group>";
		};
		8CE303C12477BD630063B29D /* Products */ = {
			isa = PBXGroup;
			children = (
				8CE303C02477BD630063B29D /* Notiee.app */,
			);
			name = Products;
			sourceTree = "<group>";
		};
		8CE303C22477BD630063B29D /* Notiee */ = {
			isa = PBXGroup;
			children = (
				8C7D978E24A2AFC4008E3073 /* App Infrastructure */,
				8C45DED9247AA24C00988D4A /* Protocol */,
				8C39A79A2479204B005F6DD7 /* Extension */,
				8CE5C25B247871D100834129 /* Store */,
				8CE5C2552477F77E00834129 /* View */,
				8C7BF48A2477E2F700088387 /* Controller */,
				8C5DC4CD2477EEED00236E94 /* Model */,
				8CE303CF2477BD680063B29D /* Assets.xcassets */,
				8CE303D12477BD680063B29D /* LaunchScreen.storyboard */,
				8CE303D42477BD680063B29D /* Info.plist */,
				8CE303CC2477BD630063B29D /* Notiee.xcdatamodeld */,
			);
			path = Notiee;
			sourceTree = "<group>";
		};
		8CE5C2552477F77E00834129 /* View */ = {
			isa = PBXGroup;
			children = (
				8C75578324A53E3B001F96C2 /* Cells */,
				8C01762124940DAF006680AB /* EmptyState.swift */,
				8CE5C2582477FBCA00834129 /* Component */,
			);
			path = View;
			sourceTree = "<group>";
		};
		8CE5C2582477FBCA00834129 /* Component */ = {
			isa = PBXGroup;
			children = (
				8CE5C2592477FC5B00834129 /* CategoryIndicator.swift */,
				8C6C1498247DA8CC0006FEC7 /* NoteTextView.swift */,
			);
			path = Component;
			sourceTree = "<group>";
		};
		8CE5C25B247871D100834129 /* Store */ = {
			isa = PBXGroup;
			children = (
				8CE5C25C247871F200834129 /* CoreDataStore.swift */,
			);
			path = Store;
			sourceTree = "<group>";
		};
/* End PBXGroup section */

/* Begin PBXNativeTarget section */
		8CE303BF2477BD630063B29D /* Notiee */ = {
			isa = PBXNativeTarget;
			buildConfigurationList = 8CE303D72477BD680063B29D /* Build configuration list for PBXNativeTarget "Notiee" */;
			buildPhases = (
				6648144C79CEE418F6F5DF4B /* [CP] Check Pods Manifest.lock */,
				8CE303BC2477BD630063B29D /* Sources */,
				8CE303BD2477BD630063B29D /* Frameworks */,
				8CE303BE2477BD630063B29D /* Resources */,
			);
			buildRules = (
			);
			dependencies = (
			);
			name = Notiee;
			productName = Notiee;
			productReference = 8CE303C02477BD630063B29D /* Notiee.app */;
			productType = "com.apple.product-type.application";
		};
/* End PBXNativeTarget section */

/* Begin PBXProject section */
		8CE303B82477BD630063B29D /* Project object */ = {
			isa = PBXProject;
			attributes = {
				LastSwiftUpdateCheck = 1130;
				LastUpgradeCheck = 1200;
				ORGANIZATIONNAME = Jakub;
				TargetAttributes = {
					8CE303BF2477BD630063B29D = {
						CreatedOnToolsVersion = 11.3;
					};
				};
			};
			buildConfigurationList = 8CE303BB2477BD630063B29D /* Build configuration list for PBXProject "Notiee" */;
			compatibilityVersion = "Xcode 10.0";
			developmentRegion = en;
			hasScannedForEncodings = 0;
			knownRegions = (
				en,
				Base,
			);
			mainGroup = 8CE303B72477BD630063B29D;
			productRefGroup = 8CE303C12477BD630063B29D /* Products */;
			projectDirPath = "";
			projectRoot = "";
			targets = (
				8CE303BF2477BD630063B29D /* Notiee */,
			);
		};
/* End PBXProject section */

/* Begin PBXResourcesBuildPhase section */
		8CE303BE2477BD630063B29D /* Resources */ = {
			isa = PBXResourcesBuildPhase;
			buildActionMask = 2147483647;
			files = (
				8CE303D32477BD680063B29D /* LaunchScreen.storyboard in Resources */,
				8CE303D02477BD680063B29D /* Assets.xcassets in Resources */,
			);
			runOnlyForDeploymentPostprocessing = 0;
		};
/* End PBXResourcesBuildPhase section */

/* Begin PBXShellScriptBuildPhase section */
		6648144C79CEE418F6F5DF4B /* [CP] Check Pods Manifest.lock */ = {
			isa = PBXShellScriptBuildPhase;
			buildActionMask = 2147483647;
			files = (
			);
			inputFileListPaths = (
			);
			inputPaths = (
				"${PODS_PODFILE_DIR_PATH}/Podfile.lock",
				"${PODS_ROOT}/Manifest.lock",
			);
			name = "[CP] Check Pods Manifest.lock";
			outputFileListPaths = (
			);
			outputPaths = (
				"$(DERIVED_FILE_DIR)/Pods-Notiee-checkManifestLockResult.txt",
			);
			runOnlyForDeploymentPostprocessing = 0;
			shellPath = /bin/sh;
			shellScript = "diff \"${PODS_PODFILE_DIR_PATH}/Podfile.lock\" \"${PODS_ROOT}/Manifest.lock\" > /dev/null\nif [ $? != 0 ] ; then\n    # print error to STDERR\n    echo \"error: The sandbox is not in sync with the Podfile.lock. Run 'pod install' or update your CocoaPods installation.\" >&2\n    exit 1\nfi\n# This output is used by Xcode 'outputs' to avoid re-running this script phase.\necho \"SUCCESS\" > \"${SCRIPT_OUTPUT_FILE_0}\"\n";
			showEnvVarsInLog = 0;
		};
/* End PBXShellScriptBuildPhase section */

/* Begin PBXSourcesBuildPhase section */
		8CE303BC2477BD630063B29D /* Sources */ = {
			isa = PBXSourcesBuildPhase;
			buildActionMask = 2147483647;
			files = (
				8CEF98DC2481A6D000603B1F /* ArrayExtension.swift in Sources */,
				8CF5094224A80C6300B0DF71 /* CategoryProtocols.swift in Sources */,
				8C45DEDB247AA25D00988D4A /* NoteProtocols.swift in Sources */,
				8CE303C82477BD630063B29D /* ViewController.swift in Sources */,
				8C01762224940DAF006680AB /* EmptyState.swift in Sources */,
				8C5DC4CC2477EEB100236E94 /* Note+CoreDataProperties.swift in Sources */,
				3BAB40C124F82B44000CAD57 /* UIViewController.swift in Sources */,
				8C5DC4CB2477EEB100236E94 /* Note+CoreDataClass.swift in Sources */,
				8CF43CB024AE4987007135DA /* MapViewController.swift in Sources */,
				8C769E5824790E0C004AC842 /* NoteViewCell.swift in Sources */,
				8C6C1499247DA8CC0006FEC7 /* NoteTextView.swift in Sources */,
				8C6D21A224E1F92E00360E44 /* AddCategoryViewController.swift in Sources */,
				8CFE104424DB375200CF798B /* AddCategoryViewCell.swift in Sources */,
				8C39A79C2479205D005F6DD7 /* CollectionViewExtension.swift in Sources */,
				8CE5C25D247871F200834129 /* CoreDataStore.swift in Sources */,
				8C5DC4CA2477EEB100236E94 /* Category+CoreDataProperties.swift in Sources */,
				8CE303C42477BD630063B29D /* AppDelegate.swift in Sources */,
				8CA2F1AF24D563D300E39294 /* CategoryViewCell.swift in Sources */,
				8C763AF024840BB800E336EF /* UIColorExtension.swift in Sources */,
				8CE303C62477BD630063B29D /* SceneDelegate.swift in Sources */,
				8C5DC4C92477EEB100236E94 /* Category+CoreDataClass.swift in Sources */,
				8CE5C25A2477FC5B00834129 /* CategoryIndicator.swift in Sources */,
				8CE303CE2477BD630063B29D /* Notiee.xcdatamodeld in Sources */,
			);
			runOnlyForDeploymentPostprocessing = 0;
		};
/* End PBXSourcesBuildPhase section */

/* Begin PBXVariantGroup section */
		8CE303D12477BD680063B29D /* LaunchScreen.storyboard */ = {
			isa = PBXVariantGroup;
			children = (
				8CE303D22477BD680063B29D /* Base */,
			);
			name = LaunchScreen.storyboard;
			sourceTree = "<group>";
		};
/* End PBXVariantGroup section */

/* Begin XCBuildConfiguration section */
		8CE303D52477BD680063B29D /* Debug */ = {
			isa = XCBuildConfiguration;
			buildSettings = {
				ALWAYS_SEARCH_USER_PATHS = NO;
				CLANG_ANALYZER_NONNULL = YES;
				CLANG_ANALYZER_NUMBER_OBJECT_CONVERSION = YES_AGGRESSIVE;
				CLANG_CXX_LANGUAGE_STANDARD = "gnu++14";
				CLANG_CXX_LIBRARY = "libc++";
				CLANG_ENABLE_MODULES = YES;
				CLANG_ENABLE_OBJC_ARC = YES;
				CLANG_ENABLE_OBJC_WEAK = YES;
				CLANG_WARN_BLOCK_CAPTURE_AUTORELEASING = YES;
				CLANG_WARN_BOOL_CONVERSION = YES;
				CLANG_WARN_COMMA = YES;
				CLANG_WARN_CONSTANT_CONVERSION = YES;
				CLANG_WARN_DEPRECATED_OBJC_IMPLEMENTATIONS = YES;
				CLANG_WARN_DIRECT_OBJC_ISA_USAGE = YES_ERROR;
				CLANG_WARN_DOCUMENTATION_COMMENTS = YES;
				CLANG_WARN_EMPTY_BODY = YES;
				CLANG_WARN_ENUM_CONVERSION = YES;
				CLANG_WARN_INFINITE_RECURSION = YES;
				CLANG_WARN_INT_CONVERSION = YES;
				CLANG_WARN_NON_LITERAL_NULL_CONVERSION = YES;
				CLANG_WARN_OBJC_IMPLICIT_RETAIN_SELF = YES;
				CLANG_WARN_OBJC_LITERAL_CONVERSION = YES;
				CLANG_WARN_OBJC_ROOT_CLASS = YES_ERROR;
				CLANG_WARN_QUOTED_INCLUDE_IN_FRAMEWORK_HEADER = YES;
				CLANG_WARN_RANGE_LOOP_ANALYSIS = YES;
				CLANG_WARN_STRICT_PROTOTYPES = YES;
				CLANG_WARN_SUSPICIOUS_MOVE = YES;
				CLANG_WARN_UNGUARDED_AVAILABILITY = YES_AGGRESSIVE;
				CLANG_WARN_UNREACHABLE_CODE = YES;
				CLANG_WARN__DUPLICATE_METHOD_MATCH = YES;
				COPY_PHASE_STRIP = NO;
				DEBUG_INFORMATION_FORMAT = dwarf;
				ENABLE_STRICT_OBJC_MSGSEND = YES;
				ENABLE_TESTABILITY = YES;
				GCC_C_LANGUAGE_STANDARD = gnu11;
				GCC_DYNAMIC_NO_PIC = NO;
				GCC_NO_COMMON_BLOCKS = YES;
				GCC_OPTIMIZATION_LEVEL = 0;
				GCC_PREPROCESSOR_DEFINITIONS = (
					"DEBUG=1",
					"$(inherited)",
				);
				GCC_WARN_64_TO_32_BIT_CONVERSION = YES;
				GCC_WARN_ABOUT_RETURN_TYPE = YES_ERROR;
				GCC_WARN_UNDECLARED_SELECTOR = YES;
				GCC_WARN_UNINITIALIZED_AUTOS = YES_AGGRESSIVE;
				GCC_WARN_UNUSED_FUNCTION = YES;
				GCC_WARN_UNUSED_VARIABLE = YES;
				IPHONEOS_DEPLOYMENT_TARGET = 13.2;
				MTL_ENABLE_DEBUG_INFO = INCLUDE_SOURCE;
				MTL_FAST_MATH = YES;
				ONLY_ACTIVE_ARCH = YES;
				SDKROOT = iphoneos;
				SWIFT_ACTIVE_COMPILATION_CONDITIONS = DEBUG;
				SWIFT_OPTIMIZATION_LEVEL = "-Onone";
			};
			name = Debug;
		};
		8CE303D62477BD680063B29D /* Release */ = {
			isa = XCBuildConfiguration;
			buildSettings = {
				ALWAYS_SEARCH_USER_PATHS = NO;
				CLANG_ANALYZER_NONNULL = YES;
				CLANG_ANALYZER_NUMBER_OBJECT_CONVERSION = YES_AGGRESSIVE;
				CLANG_CXX_LANGUAGE_STANDARD = "gnu++14";
				CLANG_CXX_LIBRARY = "libc++";
				CLANG_ENABLE_MODULES = YES;
				CLANG_ENABLE_OBJC_ARC = YES;
				CLANG_ENABLE_OBJC_WEAK = YES;
				CLANG_WARN_BLOCK_CAPTURE_AUTORELEASING = YES;
				CLANG_WARN_BOOL_CONVERSION = YES;
				CLANG_WARN_COMMA = YES;
				CLANG_WARN_CONSTANT_CONVERSION = YES;
				CLANG_WARN_DEPRECATED_OBJC_IMPLEMENTATIONS = YES;
				CLANG_WARN_DIRECT_OBJC_ISA_USAGE = YES_ERROR;
				CLANG_WARN_DOCUMENTATION_COMMENTS = YES;
				CLANG_WARN_EMPTY_BODY = YES;
				CLANG_WARN_ENUM_CONVERSION = YES;
				CLANG_WARN_INFINITE_RECURSION = YES;
				CLANG_WARN_INT_CONVERSION = YES;
				CLANG_WARN_NON_LITERAL_NULL_CONVERSION = YES;
				CLANG_WARN_OBJC_IMPLICIT_RETAIN_SELF = YES;
				CLANG_WARN_OBJC_LITERAL_CONVERSION = YES;
				CLANG_WARN_OBJC_ROOT_CLASS = YES_ERROR;
				CLANG_WARN_QUOTED_INCLUDE_IN_FRAMEWORK_HEADER = YES;
				CLANG_WARN_RANGE_LOOP_ANALYSIS = YES;
				CLANG_WARN_STRICT_PROTOTYPES = YES;
				CLANG_WARN_SUSPICIOUS_MOVE = YES;
				CLANG_WARN_UNGUARDED_AVAILABILITY = YES_AGGRESSIVE;
				CLANG_WARN_UNREACHABLE_CODE = YES;
				CLANG_WARN__DUPLICATE_METHOD_MATCH = YES;
				COPY_PHASE_STRIP = NO;
				DEBUG_INFORMATION_FORMAT = "dwarf-with-dsym";
				ENABLE_NS_ASSERTIONS = NO;
				ENABLE_STRICT_OBJC_MSGSEND = YES;
				GCC_C_LANGUAGE_STANDARD = gnu11;
				GCC_NO_COMMON_BLOCKS = YES;
				GCC_WARN_64_TO_32_BIT_CONVERSION = YES;
				GCC_WARN_ABOUT_RETURN_TYPE = YES_ERROR;
				GCC_WARN_UNDECLARED_SELECTOR = YES;
				GCC_WARN_UNINITIALIZED_AUTOS = YES_AGGRESSIVE;
				GCC_WARN_UNUSED_FUNCTION = YES;
				GCC_WARN_UNUSED_VARIABLE = YES;
				IPHONEOS_DEPLOYMENT_TARGET = 13.2;
				MTL_ENABLE_DEBUG_INFO = NO;
				MTL_FAST_MATH = YES;
				SDKROOT = iphoneos;
				SWIFT_COMPILATION_MODE = wholemodule;
				SWIFT_OPTIMIZATION_LEVEL = "-O";
				VALIDATE_PRODUCT = YES;
			};
			name = Release;
		};
		8CE303D82477BD680063B29D /* Debug */ = {
			isa = XCBuildConfiguration;
			baseConfigurationReference = D77259428276D152B580EF24 /* Pods-Notiee.debug.xcconfig */;
			buildSettings = {
				ASSETCATALOG_COMPILER_APPICON_NAME = AppIcon;
				CODE_SIGN_IDENTITY = "Apple Development";
				CODE_SIGN_STYLE = Automatic;
				DEVELOPMENT_TEAM = CJ382RZ845;
				INFOPLIST_FILE = Notiee/Info.plist;
				LD_RUNPATH_SEARCH_PATHS = (
					"$(inherited)",
					"@executable_path/Frameworks",
				);
				PRODUCT_BUNDLE_IDENTIFIER = com.Jakub.app.Notiee;
				PRODUCT_NAME = "$(TARGET_NAME)";
				PROVISIONING_PROFILE_SPECIFIER = "";
				SWIFT_VERSION = 5.0;
				TARGETED_DEVICE_FAMILY = 1;
			};
			name = Debug;
		};
		8CE303D92477BD680063B29D /* Release */ = {
			isa = XCBuildConfiguration;
			baseConfigurationReference = 335EC8A88B4C813645EDEF49 /* Pods-Notiee.release.xcconfig */;
			buildSettings = {
				ASSETCATALOG_COMPILER_APPICON_NAME = AppIcon;
				CODE_SIGN_IDENTITY = "Apple Development";
				CODE_SIGN_STYLE = Automatic;
				DEVELOPMENT_TEAM = CJ382RZ845;
				INFOPLIST_FILE = Notiee/Info.plist;
				LD_RUNPATH_SEARCH_PATHS = (
					"$(inherited)",
					"@executable_path/Frameworks",
				);
				PRODUCT_BUNDLE_IDENTIFIER = com.Jakub.app.Notiee;
				PRODUCT_NAME = "$(TARGET_NAME)";
				PROVISIONING_PROFILE_SPECIFIER = "";
				SWIFT_VERSION = 5.0;
				TARGETED_DEVICE_FAMILY = 1;
			};
			name = Release;
		};
/* End XCBuildConfiguration section */

/* Begin XCConfigurationList section */
		8CE303BB2477BD630063B29D /* Build configuration list for PBXProject "Notiee" */ = {
			isa = XCConfigurationList;
			buildConfigurations = (
				8CE303D52477BD680063B29D /* Debug */,
				8CE303D62477BD680063B29D /* Release */,
			);
			defaultConfigurationIsVisible = 0;
			defaultConfigurationName = Release;
		};
		8CE303D72477BD680063B29D /* Build configuration list for PBXNativeTarget "Notiee" */ = {
			isa = XCConfigurationList;
			buildConfigurations = (
				8CE303D82477BD680063B29D /* Debug */,
				8CE303D92477BD680063B29D /* Release */,
			);
			defaultConfigurationIsVisible = 0;
			defaultConfigurationName = Release;
		};
/* End XCConfigurationList section */

/* Begin XCVersionGroup section */
		8CE303CC2477BD630063B29D /* Notiee.xcdatamodeld */ = {
			isa = XCVersionGroup;
			children = (
				8CE303CD2477BD630063B29D /* Notiee.xcdatamodel */,
			);
			currentVersion = 8CE303CD2477BD630063B29D /* Notiee.xcdatamodel */;
			path = Notiee.xcdatamodeld;
			sourceTree = "<group>";
			versionGroupType = wrapper.xcdatamodel;
		};
/* End XCVersionGroup section */
	};
	rootObject = 8CE303B82477BD630063B29D /* Project object */;
}
