// !$*UTF8*$!
{
	archiveVersion = 1;
	classes = {
	};
	objectVersion = 51;
	objects = {

/* Begin PBXBuildFile section */
		8C5DC4C92477EEB100236E94 /* Category+CoreDataClass.swift in Sources */ = {isa = PBXBuildFile; fileRef = 8C5DC4C52477EEB100236E94 /* Category+CoreDataClass.swift */; };
		8C5DC4CA2477EEB100236E94 /* Category+CoreDataProperties.swift in Sources */ = {isa = PBXBuildFile; fileRef = 8C5DC4C62477EEB100236E94 /* Category+CoreDataProperties.swift */; };
		8C5DC4CB2477EEB100236E94 /* Note+CoreDataClass.swift in Sources */ = {isa = PBXBuildFile; fileRef = 8C5DC4C72477EEB100236E94 /* Note+CoreDataClass.swift */; };
		8C5DC4CC2477EEB100236E94 /* Note+CoreDataProperties.swift in Sources */ = {isa = PBXBuildFile; fileRef = 8C5DC4C82477EEB100236E94 /* Note+CoreDataProperties.swift */; };
		8C7BF4892477E2AF00088387 /* Main.storyboard in Resources */ = {isa = PBXBuildFile; fileRef = 8C7BF4872477E2AF00088387 /* Main.storyboard */; };
		8CE303C42477BD630063B29D /* AppDelegate.swift in Sources */ = {isa = PBXBuildFile; fileRef = 8CE303C32477BD630063B29D /* AppDelegate.swift */; };
		8CE303C62477BD630063B29D /* SceneDelegate.swift in Sources */ = {isa = PBXBuildFile; fileRef = 8CE303C52477BD630063B29D /* SceneDelegate.swift */; };
		8CE303C82477BD630063B29D /* ViewController.swift in Sources */ = {isa = PBXBuildFile; fileRef = 8CE303C72477BD630063B29D /* ViewController.swift */; };
		8CE303CE2477BD630063B29D /* Notiee.xcdatamodeld in Sources */ = {isa = PBXBuildFile; fileRef = 8CE303CC2477BD630063B29D /* Notiee.xcdatamodeld */; };
		8CE303D02477BD680063B29D /* Assets.xcassets in Resources */ = {isa = PBXBuildFile; fileRef = 8CE303CF2477BD680063B29D /* Assets.xcassets */; };
		8CE303D32477BD680063B29D /* LaunchScreen.storyboard in Resources */ = {isa = PBXBuildFile; fileRef = 8CE303D12477BD680063B29D /* LaunchScreen.storyboard */; };
/* End PBXBuildFile section */

/* Begin PBXFileReference section */
		8C5DC4C52477EEB100236E94 /* Category+CoreDataClass.swift */ = {isa = PBXFileReference; lastKnownFileType = sourcecode.swift; path = "Category+CoreDataClass.swift"; sourceTree = "<group>"; };
		8C5DC4C62477EEB100236E94 /* Category+CoreDataProperties.swift */ = {isa = PBXFileReference; lastKnownFileType = sourcecode.swift; path = "Category+CoreDataProperties.swift"; sourceTree = "<group>"; };
		8C5DC4C72477EEB100236E94 /* Note+CoreDataClass.swift */ = {isa = PBXFileReference; lastKnownFileType = sourcecode.swift; path = "Note+CoreDataClass.swift"; sourceTree = "<group>"; };
		8C5DC4C82477EEB100236E94 /* Note+CoreDataProperties.swift */ = {isa = PBXFileReference; lastKnownFileType = sourcecode.swift; path = "Note+CoreDataProperties.swift"; sourceTree = "<group>"; };
		8C7BF4882477E2AF00088387 /* Base */ = {isa = PBXFileReference; lastKnownFileType = file.storyboard; name = Base; path = Base.lproj/Main.storyboard; sourceTree = "<group>"; };
		8CE303C02477BD630063B29D /* Notiee.app */ = {isa = PBXFileReference; explicitFileType = wrapper.application; includeInIndex = 0; path = Notiee.app; sourceTree = BUILT_PRODUCTS_DIR; };
		8CE303C32477BD630063B29D /* AppDelegate.swift */ = {isa = PBXFileReference; lastKnownFileType = sourcecode.swift; path = AppDelegate.swift; sourceTree = "<group>"; };
		8CE303C52477BD630063B29D /* SceneDelegate.swift */ = {isa = PBXFileReference; lastKnownFileType = sourcecode.swift; path = SceneDelegate.swift; sourceTree = "<group>"; };
		8CE303C72477BD630063B29D /* ViewController.swift */ = {isa = PBXFileReference; lastKnownFileType = sourcecode.swift; path = ViewController.swift; sourceTree = "<group>"; };
		8CE303CD2477BD630063B29D /* Notiee.xcdatamodel */ = {isa = PBXFileReference; lastKnownFileType = wrapper.xcdatamodel; path = Notiee.xcdatamodel; sourceTree = "<group>"; };
		8CE303CF2477BD680063B29D /* Assets.xcassets */ = {isa = PBXFileReference; lastKnownFileType = folder.assetcatalog; path = Assets.xcassets; sourceTree = "<group>"; };
		8CE303D22477BD680063B29D /* Base */ = {isa = PBXFileReference; lastKnownFileType = file.storyboard; name = Base; path = Base.lproj/LaunchScreen.storyboard; sourceTree = "<group>"; };
		8CE303D42477BD680063B29D /* Info.plist */ = {isa = PBXFileReference; lastKnownFileType = text.plist.xml; path = Info.plist; sourceTree = "<group>"; };
/* End PBXFileReference section */

/* Begin PBXFrameworksBuildPhase section */
		8CE303BD2477BD630063B29D /* Frameworks */ = {
			isa = PBXFrameworksBuildPhase;
			buildActionMask = 2147483647;
			files = (
			);
			runOnlyForDeploymentPostprocessing = 0;
		};
/* End PBXFrameworksBuildPhase section */

/* Begin PBXGroup section */
		8C5DC4CD2477EEED00236E94 /* Model */ = {
			isa = PBXGroup;
			children = (
				8C5DC4C52477EEB100236E94 /* Category+CoreDataClass.swift */,
				8C5DC4C62477EEB100236E94 /* Category+CoreDataProperties.swift */,
				8C5DC4C72477EEB100236E94 /* Note+CoreDataClass.swift */,
				8C5DC4C82477EEB100236E94 /* Note+CoreDataProperties.swift */,
			);
			path = Model;
			sourceTree = "<group>";
		};
		8C7BF48A2477E2F700088387 /* Controller */ = {
			isa = PBXGroup;
			children = (
				8CE303C72477BD630063B29D /* ViewController.swift */,
			);
			path = Controller;
			sourceTree = "<group>";
		};
		8CE303B72477BD630063B29D = {
			isa = PBXGroup;
			children = (
				8CE303C22477BD630063B29D /* Notiee */,
				8CE303C12477BD630063B29D /* Products */,
			);
			sourceTree = "<group>";
		};
		8CE303C12477BD630063B29D /* Products */ = {
			isa = PBXGroup;
			children = (
				8CE303C02477BD630063B29D /* Notiee.app */,
			);
			name = Products;
			sourceTree = "<group>";
		};
		8CE303C22477BD630063B29D /* Notiee */ = {
			isa = PBXGroup;
			children = (
				8C5DC4CD2477EEED00236E94 /* Model */,
				8CE303C32477BD630063B29D /* AppDelegate.swift */,
				8C7BF48A2477E2F700088387 /* Controller */,
				8CE303C52477BD630063B29D /* SceneDelegate.swift */,
				8C7BF4872477E2AF00088387 /* Main.storyboard */,
				8CE303CF2477BD680063B29D /* Assets.xcassets */,
				8CE303D12477BD680063B29D /* LaunchScreen.storyboard */,
				8CE303D42477BD680063B29D /* Info.plist */,
				8CE303CC2477BD630063B29D /* Notiee.xcdatamodeld */,
			);
			path = Notiee;
			sourceTree = "<group>";
		};
/* End PBXGroup section */

/* Begin PBXNativeTarget section */
		8CE303BF2477BD630063B29D /* Notiee */ = {
			isa = PBXNativeTarget;
			buildConfigurationList = 8CE303D72477BD680063B29D /* Build configuration list for PBXNativeTarget "Notiee" */;
			buildPhases = (
				8CE303BC2477BD630063B29D /* Sources */,
				8CE303BD2477BD630063B29D /* Frameworks */,
				8CE303BE2477BD630063B29D /* Resources */,
			);
			buildRules = (
			);
			dependencies = (
			);
			name = Notiee;
			productName = Notiee;
			productReference = 8CE303C02477BD630063B29D /* Notiee.app */;
			productType = "com.apple.product-type.application";
		};
/* End PBXNativeTarget section */

/* Begin PBXProject section */
		8CE303B82477BD630063B29D /* Project object */ = {
			isa = PBXProject;
			attributes = {
				LastSwiftUpdateCheck = 1130;
				LastUpgradeCheck = 1130;
				ORGANIZATIONNAME = Jakub;
				TargetAttributes = {
					8CE303BF2477BD630063B29D = {
						CreatedOnToolsVersion = 11.3;
					};
				};
			};
			buildConfigurationList = 8CE303BB2477BD630063B29D /* Build configuration list for PBXProject "Notiee" */;
			compatibilityVersion = "Xcode 10.0";
			developmentRegion = en;
			hasScannedForEncodings = 0;
			knownRegions = (
				en,
				Base,
			);
			mainGroup = 8CE303B72477BD630063B29D;
			productRefGroup = 8CE303C12477BD630063B29D /* Products */;
			projectDirPath = "";
			projectRoot = "";
			targets = (
				8CE303BF2477BD630063B29D /* Notiee */,
			);
		};
/* End PBXProject section */

/* Begin PBXResourcesBuildPhase section */
		8CE303BE2477BD630063B29D /* Resources */ = {
			isa = PBXResourcesBuildPhase;
			buildActionMask = 2147483647;
			files = (
				8C7BF4892477E2AF00088387 /* Main.storyboard in Resources */,
				8CE303D32477BD680063B29D /* LaunchScreen.storyboard in Resources */,
				8CE303D02477BD680063B29D /* Assets.xcassets in Resources */,
			);
			runOnlyForDeploymentPostprocessing = 0;
		};
/* End PBXResourcesBuildPhase section */

/* Begin PBXSourcesBuildPhase section */
		8CE303BC2477BD630063B29D /* Sources */ = {
			isa = PBXSourcesBuildPhase;
			buildActionMask = 2147483647;
			files = (
				8CE303C82477BD630063B29D /* ViewController.swift in Sources */,
				8C5DC4CC2477EEB100236E94 /* Note+CoreDataProperties.swift in Sources */,
				8C5DC4CB2477EEB100236E94 /* Note+CoreDataClass.swift in Sources */,
				8C5DC4CA2477EEB100236E94 /* Category+CoreDataProperties.swift in Sources */,
				8CE303C42477BD630063B29D /* AppDelegate.swift in Sources */,
				8CE303C62477BD630063B29D /* SceneDelegate.swift in Sources */,
				8C5DC4C92477EEB100236E94 /* Category+CoreDataClass.swift in Sources */,
				8CE303CE2477BD630063B29D /* Notiee.xcdatamodeld in Sources */,
			);
			runOnlyForDeploymentPostprocessing = 0;
		};
/* End PBXSourcesBuildPhase section */

/* Begin PBXVariantGroup section */
		8C7BF4872477E2AF00088387 /* Main.storyboard */ = {
			isa = PBXVariantGroup;
			children = (
				8C7BF4882477E2AF00088387 /* Base */,
			);
			name = Main.storyboard;
			sourceTree = "<group>";
		};
		8CE303D12477BD680063B29D /* LaunchScreen.storyboard */ = {
			isa = PBXVariantGroup;
			children = (
				8CE303D22477BD680063B29D /* Base */,
			);
			name = LaunchScreen.storyboard;
			sourceTree = "<group>";
		};
/* End PBXVariantGroup section */

/* Begin XCBuildConfiguration section */
		8CE303D52477BD680063B29D /* Debug */ = {
			isa = XCBuildConfiguration;
			buildSettings = {
				ALWAYS_SEARCH_USER_PATHS = NO;
				CLANG_ANALYZER_NONNULL = YES;
				CLANG_ANALYZER_NUMBER_OBJECT_CONVERSION = YES_AGGRESSIVE;
				CLANG_CXX_LANGUAGE_STANDARD = "gnu++14";
				CLANG_CXX_LIBRARY = "libc++";
				CLANG_ENABLE_MODULES = YES;
				CLANG_ENABLE_OBJC_ARC = YES;
				CLANG_ENABLE_OBJC_WEAK = YES;
				CLANG_WARN_BLOCK_CAPTURE_AUTORELEASING = YES;
				CLANG_WARN_BOOL_CONVERSION = YES;
				CLANG_WARN_COMMA = YES;
				CLANG_WARN_CONSTANT_CONVERSION = YES;
				CLANG_WARN_DEPRECATED_OBJC_IMPLEMENTATIONS = YES;
				CLANG_WARN_DIRECT_OBJC_ISA_USAGE = YES_ERROR;
				CLANG_WARN_DOCUMENTATION_COMMENTS = YES;
				CLANG_WARN_EMPTY_BODY = YES;
				CLANG_WARN_ENUM_CONVERSION = YES;
				CLANG_WARN_INFINITE_RECURSION = YES;
				CLANG_WARN_INT_CONVERSION = YES;
				CLANG_WARN_NON_LITERAL_NULL_CONVERSION = YES;
				CLANG_WARN_OBJC_IMPLICIT_RETAIN_SELF = YES;
				CLANG_WARN_OBJC_LITERAL_CONVERSION = YES;
				CLANG_WARN_OBJC_ROOT_CLASS = YES_ERROR;
				CLANG_WARN_RANGE_LOOP_ANALYSIS = YES;
				CLANG_WARN_STRICT_PROTOTYPES = YES;
				CLANG_WARN_SUSPICIOUS_MOVE = YES;
				CLANG_WARN_UNGUARDED_AVAILABILITY = YES_AGGRESSIVE;
				CLANG_WARN_UNREACHABLE_CODE = YES;
				CLANG_WARN__DUPLICATE_METHOD_MATCH = YES;
				COPY_PHASE_STRIP = NO;
				DEBUG_INFORMATION_FORMAT = dwarf;
				ENABLE_STRICT_OBJC_MSGSEND = YES;
				ENABLE_TESTABILITY = YES;
				GCC_C_LANGUAGE_STANDARD = gnu11;
				GCC_DYNAMIC_NO_PIC = NO;
				GCC_NO_COMMON_BLOCKS = YES;
				GCC_OPTIMIZATION_LEVEL = 0;
				GCC_PREPROCESSOR_DEFINITIONS = (
					"DEBUG=1",
					"$(inherited)",
				);
				GCC_WARN_64_TO_32_BIT_CONVERSION = YES;
				GCC_WARN_ABOUT_RETURN_TYPE = YES_ERROR;
				GCC_WARN_UNDECLARED_SELECTOR = YES;
				GCC_WARN_UNINITIALIZED_AUTOS = YES_AGGRESSIVE;
				GCC_WARN_UNUSED_FUNCTION = YES;
				GCC_WARN_UNUSED_VARIABLE = YES;
				IPHONEOS_DEPLOYMENT_TARGET = 13.2;
				MTL_ENABLE_DEBUG_INFO = INCLUDE_SOURCE;
				MTL_FAST_MATH = YES;
				ONLY_ACTIVE_ARCH = YES;
				SDKROOT = iphoneos;
				SWIFT_ACTIVE_COMPILATION_CONDITIONS = DEBUG;
				SWIFT_OPTIMIZATION_LEVEL = "-Onone";
			};
			name = Debug;
		};
		8CE303D62477BD680063B29D /* Release */ = {
			isa = XCBuildConfiguration;
			buildSettings = {
				ALWAYS_SEARCH_USER_PATHS = NO;
				CLANG_ANALYZER_NONNULL = YES;
				CLANG_ANALYZER_NUMBER_OBJECT_CONVERSION = YES_AGGRESSIVE;
				CLANG_CXX_LANGUAGE_STANDARD = "gnu++14";
				CLANG_CXX_LIBRARY = "libc++";
				CLANG_ENABLE_MODULES = YES;
				CLANG_ENABLE_OBJC_ARC = YES;
				CLANG_ENABLE_OBJC_WEAK = YES;
				CLANG_WARN_BLOCK_CAPTURE_AUTORELEASING = YES;
				CLANG_WARN_BOOL_CONVERSION = YES;
				CLANG_WARN_COMMA = YES;
				CLANG_WARN_CONSTANT_CONVERSION = YES;
				CLANG_WARN_DEPRECATED_OBJC_IMPLEMENTATIONS = YES;
				CLANG_WARN_DIRECT_OBJC_ISA_USAGE = YES_ERROR;
				CLANG_WARN_DOCUMENTATION_COMMENTS = YES;
				CLANG_WARN_EMPTY_BODY = YES;
				CLANG_WARN_ENUM_CONVERSION = YES;
				CLANG_WARN_INFINITE_RECURSION = YES;
				CLANG_WARN_INT_CONVERSION = YES;
				CLANG_WARN_NON_LITERAL_NULL_CONVERSION = YES;
				CLANG_WARN_OBJC_IMPLICIT_RETAIN_SELF = YES;
				CLANG_WARN_OBJC_LITERAL_CONVERSION = YES;
				CLANG_WARN_OBJC_ROOT_CLASS = YES_ERROR;
				CLANG_WARN_RANGE_LOOP_ANALYSIS = YES;
				CLANG_WARN_STRICT_PROTOTYPES = YES;
				CLANG_WARN_SUSPICIOUS_MOVE = YES;
				CLANG_WARN_UNGUARDED_AVAILABILITY = YES_AGGRESSIVE;
				CLANG_WARN_UNREACHABLE_CODE = YES;
				CLANG_WARN__DUPLICATE_METHOD_MATCH = YES;
				COPY_PHASE_STRIP = NO;
				DEBUG_INFORMATION_FORMAT = "dwarf-with-dsym";
				ENABLE_NS_ASSERTIONS = NO;
				ENABLE_STRICT_OBJC_MSGSEND = YES;
				GCC_C_LANGUAGE_STANDARD = gnu11;
				GCC_NO_COMMON_BLOCKS = YES;
				GCC_WARN_64_TO_32_BIT_CONVERSION = YES;
				GCC_WARN_ABOUT_RETURN_TYPE = YES_ERROR;
				GCC_WARN_UNDECLARED_SELECTOR = YES;
				GCC_WARN_UNINITIALIZED_AUTOS = YES_AGGRESSIVE;
				GCC_WARN_UNUSED_FUNCTION = YES;
				GCC_WARN_UNUSED_VARIABLE = YES;
				IPHONEOS_DEPLOYMENT_TARGET = 13.2;
				MTL_ENABLE_DEBUG_INFO = NO;
				MTL_FAST_MATH = YES;
				SDKROOT = iphoneos;
				SWIFT_COMPILATION_MODE = wholemodule;
				SWIFT_OPTIMIZATION_LEVEL = "-O";
				VALIDATE_PRODUCT = YES;
			};
			name = Release;
		};
		8CE303D82477BD680063B29D /* Debug */ = {
			isa = XCBuildConfiguration;
			buildSettings = {
				ASSETCATALOG_COMPILER_APPICON_NAME = AppIcon;
				CODE_SIGN_IDENTITY = "Apple Development";
				CODE_SIGN_STYLE = Automatic;
				DEVELOPMENT_TEAM = CJ382RZ845;
				INFOPLIST_FILE = Notiee/Info.plist;
				LD_RUNPATH_SEARCH_PATHS = (
					"$(inherited)",
					"@executable_path/Frameworks",
				);
				PRODUCT_BUNDLE_IDENTIFIER = com.Jakub.app.Notiee;
				PRODUCT_NAME = "$(TARGET_NAME)";
				PROVISIONING_PROFILE_SPECIFIER = "";
				SWIFT_VERSION = 5.0;
				TARGETED_DEVICE_FAMILY = 1;
			};
			name = Debug;
		};
		8CE303D92477BD680063B29D /* Release */ = {
			isa = XCBuildConfiguration;
			buildSettings = {
				ASSETCATALOG_COMPILER_APPICON_NAME = AppIcon;
				CODE_SIGN_IDENTITY = "Apple Development";
				CODE_SIGN_STYLE = Automatic;
				DEVELOPMENT_TEAM = CJ382RZ845;
				INFOPLIST_FILE = Notiee/Info.plist;
				LD_RUNPATH_SEARCH_PATHS = (
					"$(inherited)",
					"@executable_path/Frameworks",
				);
				PRODUCT_BUNDLE_IDENTIFIER = com.Jakub.app.Notiee;
				PRODUCT_NAME = "$(TARGET_NAME)";
				PROVISIONING_PROFILE_SPECIFIER = "";
				SWIFT_VERSION = 5.0;
				TARGETED_DEVICE_FAMILY = 1;
			};
			name = Release;
		};
/* End XCBuildConfiguration section */

/* Begin XCConfigurationList section */
		8CE303BB2477BD630063B29D /* Build configuration list for PBXProject "Notiee" */ = {
			isa = XCConfigurationList;
			buildConfigurations = (
				8CE303D52477BD680063B29D /* Debug */,
				8CE303D62477BD680063B29D /* Release */,
			);
			defaultConfigurationIsVisible = 0;
			defaultConfigurationName = Release;
		};
		8CE303D72477BD680063B29D /* Build configuration list for PBXNativeTarget "Notiee" */ = {
			isa = XCConfigurationList;
			buildConfigurations = (
				8CE303D82477BD680063B29D /* Debug */,
				8CE303D92477BD680063B29D /* Release */,
			);
			defaultConfigurationIsVisible = 0;
			defaultConfigurationName = Release;
		};
/* End XCConfigurationList section */

/* Begin XCVersionGroup section */
		8CE303CC2477BD630063B29D /* Notiee.xcdatamodeld */ = {
			isa = XCVersionGroup;
			children = (
				8CE303CD2477BD630063B29D /* Notiee.xcdatamodel */,
			);
			currentVersion = 8CE303CD2477BD630063B29D /* Notiee.xcdatamodel */;
			path = Notiee.xcdatamodeld;
			sourceTree = "<group>";
			versionGroupType = wrapper.xcdatamodel;
		};
/* End XCVersionGroup section */
	};
	rootObject = 8CE303B82477BD630063B29D /* Project object */;
}
